{
    "_readme": [
        "This file locks the dependencies of your project to a known state",
        "Read more about it at https://getcomposer.org/doc/01-basic-usage.md#composer-lock-the-lock-file",
        "This file is @generated automatically"
    ],
    "hash": "6c829a44723ddfc56662a9e51df8e2cb",
    "content-hash": "98e6ce3147f1b052bd0e17517e6d858f",
    "packages": [
        {
            "name": "schlessera/composer-wp-autoload",
            "version": "v1.0.0",
            "source": {
                "type": "git",
                "url": "https://github.com/schlessera/composer-wp-autoload.git",
                "reference": "922dfb27e57ae09b9541de2463fda592110e4f27"
            },
            "dist": {
                "type": "zip",
                "url": "https://api.github.com/repos/schlessera/composer-wp-autoload/zipball/922dfb27e57ae09b9541de2463fda592110e4f27",
                "reference": "922dfb27e57ae09b9541de2463fda592110e4f27",
                "shasum": ""
            },
            "type": "library",
            "autoload": {
                "psr-4": {
                    "WordPress\\ComposerAutoload\\": "src"
                }
            },
            "notification-url": "https://packagist.org/downloads/",
            "license": [
                "MIT"
            ],
            "description": "WordPress Core Autoloader for Composer.",
            "time": "2016-08-30 10:56:09"
        }
    ],
    "packages-dev": [],
    "aliases": [],
    "minimum-stability": "stable",
    "stability-flags": [],
    "prefer-stable": false,
    "prefer-lowest": false,
    "platform": [],
    "platform-dev": []
}
