{
    "_readme": [
        "This file locks the dependencies of your project to a known state",
        "Read more about it at https://getcomposer.org/doc/01-basic-usage.md#composer-lock-the-lock-file",
        "This file is @generated automatically"
    ],
    "hash": "9f0bde34b876f552cdb8f3e313462cfc",
    "content-hash": "4a0c5b29dc9061b880b9a66e26bb8926",
    "packages": [
        {
            "name": "james-heinrich/getid3",
            "version": "v1.9.12",
            "source": {
                "type": "git",
                "url": "https://github.com/JamesHeinrich/getID3.git",
                "reference": "41c05612d532d30f07680cad3a4a6efbec7fc7f5"
            },
            "dist": {
                "type": "zip",
                "url": "https://api.github.com/repos/JamesHeinrich/getID3/zipball/41c05612d532d30f07680cad3a4a6efbec7fc7f5",
                "reference": "41c05612d532d30f07680cad3a4a6efbec7fc7f5",
                "shasum": ""
            },
            "require": {
                "php": ">=5.3.0"
            },
            "type": "library",
            "autoload": {
                "classmap": [
                    "getid3/getid3.php"
                ]
            },
            "notification-url": "https://packagist.org/downloads/",
            "license": [
                "GPL"
            ],
            "description": "PHP script that extracts useful information from popular multimedia file formats",
            "homepage": "http://www.getid3.org/",
            "keywords": [
                "codecs",
                "php",
                "tags"
            ],
            "time": "2016-03-02 13:13:30"
        },
        {
            "name": "paragonie/random_compat",
            "version": "v2.0.2",
            "source": {
                "type": "git",
                "url": "https://github.com/paragonie/random_compat.git",
                "reference": "088c04e2f261c33bed6ca5245491cfca69195ccf"
            },
            "dist": {
                "type": "zip",
                "url": "https://api.github.com/repos/paragonie/random_compat/zipball/088c04e2f261c33bed6ca5245491cfca69195ccf",
                "reference": "088c04e2f261c33bed6ca5245491cfca69195ccf",
                "shasum": ""
            },
            "require": {
                "php": ">=5.2.0"
            },
            "require-dev": {
                "phpunit/phpunit": "4.*|5.*"
            },
            "suggest": {
                "ext-libsodium": "Provides a modern crypto API that can be used to generate random bytes."
            },
            "type": "library",
            "autoload": {
                "files": [
                    "lib/random.php"
                ]
            },
            "notification-url": "https://packagist.org/downloads/",
            "license": [
                "MIT"
            ],
            "authors": [
                {
                    "name": "Paragon Initiative Enterprises",
                    "email": "security@paragonie.com",
                    "homepage": "https://paragonie.com"
                }
            ],
            "description": "PHP 5.x polyfill for random_bytes() and random_int() from PHP 7",
            "keywords": [
                "csprng",
                "pseudorandom",
                "random"
            ],
            "time": "2016-04-03 06:00:07"
        },
        {
            "name": "pear/pear_exception",
            "version": "v1.0.0",
            "source": {
                "type": "git",
                "url": "https://github.com/pear/PEAR_Exception.git",
                "reference": "8c18719fdae000b690e3912be401c76e406dd13b"
            },
            "dist": {
                "type": "zip",
                "url": "https://api.github.com/repos/pear/PEAR_Exception/zipball/8c18719fdae000b690e3912be401c76e406dd13b",
                "reference": "8c18719fdae000b690e3912be401c76e406dd13b",
                "shasum": ""
            },
            "require": {
                "php": ">=4.4.0"
            },
            "require-dev": {
                "phpunit/phpunit": "*"
            },
            "type": "class",
            "extra": {
                "branch-alias": {
                    "dev-master": "1.0.x-dev"
                }
            },
            "autoload": {
                "psr-0": {
                    "PEAR": ""
                }
            },
            "notification-url": "https://packagist.org/downloads/",
            "include-path": [
                "."
            ],
            "license": [
                "BSD-2-Clause"
            ],
            "authors": [
                {
                    "name": "Helgi Thormar",
                    "email": "dufuz@php.net"
                },
                {
                    "name": "Greg Beaver",
                    "email": "cellog@php.net"
                }
            ],
            "description": "The PEAR Exception base class.",
            "homepage": "https://github.com/pear/PEAR_Exception",
            "keywords": [
                "exception"
            ],
            "time": "2015-02-10 20:07:52"
        },
        {
            "name": "pear/services_json",
            "version": "dev-trunk",
            "source": {
                "type": "git",
                "url": "https://github.com/pear/Services_JSON.git",
                "reference": "22927b55e18eea7cdc451d510115078c79497653"
            },
            "dist": {
                "type": "zip",
                "url": "https://api.github.com/repos/pear/Services_JSON/zipball/22927b55e18eea7cdc451d510115078c79497653",
                "reference": "22927b55e18eea7cdc451d510115078c79497653",
                "shasum": ""
            },
            "require": {
                "pear/pear_exception": "*"
            },
            "require-dev": {
                "phpunit/phpunit": "*"
            },
            "type": "library",
            "autoload": {
                "classmap": [
                    "./"
                ]
            },
            "license": [
                "BSD"
            ],
            "authors": [
                {
                    "email": "migurski@php.net",
                    "name": "Michal Migurski  ",
                    "role": "Lead"
                },
                {
                    "email": "alan@akbkhome.com",
                    "name": "Alan Knowles",
                    "role": "Lead"
                }
            ],
            "description": "More info available on: http://pear.php.net/package/Services_JSON",
            "support": {
                "issues": "http://pear.php.net/bugs/search.php?cmd=display&package_name[]=Services_JSON",
                "source": "https://github.com/pear/Services_JSON"
            },
            "time": "2014-02-21 11:51:56"
        },
        {
            "name": "pear/text_diff",
            "version": "dev-stable",
            "source": {
                "type": "git",
                "url": "https://github.com/pear/Text_Diff.git",
                "reference": "6d3bab9cfc9a7970d814bbdcfed417d836569746"
            },
            "dist": {
                "type": "zip",
                "url": "https://api.github.com/repos/pear/Text_Diff/zipball/6d3bab9cfc9a7970d814bbdcfed417d836569746",
                "reference": "6d3bab9cfc9a7970d814bbdcfed417d836569746",
                "shasum": ""
            },
            "type": "library",
            "autoload": {
                "classmap": [
                    "Text/"
                ]
            },
            "license": [
                "LGPL-3.0"
            ],
            "description": "Engine for performing and rendering text diffs",
            "homepage": "http://pear.php.net/package/Text_Diff",
            "keywords": [
                "diff",
                "pear",
                "text"
            ],
            "support": {
                "issues": "http://pear.php.net/bugs/search.php?cmd=display&package_name[]=Text_Diff",
                "source": "https://github.com/pear/Text_Diff"
            },
            "time": "2015-09-19 20:35:07"
        },
        {
            "name": "pomo/pomo",
            "version": "v1.2.4",
            "source": {
                "type": "git",
                "url": "https://github.com/LeoColomb/pomo.git",
                "reference": "8193f7aa5d0c7586d3b923b9b7c8afcd30fa80bf"
            },
            "dist": {
                "type": "zip",
                "url": "https://api.github.com/repos/LeoColomb/pomo/zipball/8193f7aa5d0c7586d3b923b9b7c8afcd30fa80bf",
                "reference": "8193f7aa5d0c7586d3b923b9b7c8afcd30fa80bf",
                "shasum": ""
            },
            "require": {
                "php": ">=5.3.0"
            },
            "require-dev": {
                "codeclimate/php-test-reporter": "dev-master",
                "phpunit/phpunit": ">=4.0"
            },
            "type": "library",
            "autoload": {
                "psr-4": {
                    "POMO\\": "src"
                }
            },
            "notification-url": "https://packagist.org/downloads/",
            "license": [
                "GPL-2.0+"
            ],
            "authors": [
                {
                    "name": "WordPress",
                    "homepage": "http://wordpress.org",
                    "role": "Author"
                },
                {
                    "name": "Leo Colombaro",
                    "homepage": "http://colombaro.fr",
                    "role": "Maintainer"
                }
            ],
            "description": "Gettext library to translate with I18n",
            "homepage": "https://github.com/LeoColomb/pomo",
            "keywords": [
                "gettext",
                "i18n",
                "internationalization",
                "localization",
                "translation"
            ],
            "time": "2014-07-22 17:09:48"
        },
        {
            "name": "rmccue/requests",
            "version": "v1.6.1",
            "source": {
                "type": "git",
                "url": "https://github.com/rmccue/Requests.git",
                "reference": "6aac485666c2955077d77b796bbdd25f0013a4ea"
            },
            "dist": {
                "type": "zip",
                "url": "https://api.github.com/repos/rmccue/Requests/zipball/6aac485666c2955077d77b796bbdd25f0013a4ea",
                "reference": "6aac485666c2955077d77b796bbdd25f0013a4ea",
                "shasum": ""
            },
            "require": {
                "php": ">=5.2"
            },
            "require-dev": {
                "satooshi/php-coveralls": "dev-master"
            },
            "type": "library",
            "autoload": {
                "psr-0": {
                    "Requests": "library/"
                }
            },
            "notification-url": "https://packagist.org/downloads/",
            "license": [
                "ISC"
            ],
            "authors": [
                {
                    "name": "Ryan McCue",
                    "homepage": "http://ryanmccue.info"
                }
            ],
            "description": "A HTTP library written in PHP, for human beings.",
            "homepage": "http://github.com/rmccue/Requests",
            "keywords": [
                "curl",
                "fsockopen",
                "http",
                "idna",
                "ipv6",
                "iri",
                "sockets"
            ],
            "time": "2014-05-18 04:59:02"
        },
        {
            "name": "schlessera/composer-wp-autoload",
            "version": "v1.0.0",
            "source": {
                "type": "git",
                "url": "https://github.com/schlessera/composer-wp-autoload.git",
                "reference": "922dfb27e57ae09b9541de2463fda592110e4f27"
            },
            "dist": {
                "type": "zip",
                "url": "https://api.github.com/repos/schlessera/composer-wp-autoload/zipball/922dfb27e57ae09b9541de2463fda592110e4f27",
                "reference": "922dfb27e57ae09b9541de2463fda592110e4f27",
                "shasum": ""
            },
            "type": "library",
            "autoload": {
                "psr-4": {
                    "WordPress\\ComposerAutoload\\": "src"
                }
            },
            "notification-url": "https://packagist.org/downloads/",
            "license": [
                "MIT"
            ],
            "description": "WordPress Core Autoloader for Composer.",
            "time": "2016-08-30 10:56:09"
        },
        {
            "name": "simplepie/simplepie",
            "version": "1.4.2",
            "source": {
                "type": "git",
                "url": "https://github.com/simplepie/simplepie.git",
                "reference": "9b775e88ba1128fa14c69ff94ab954d86067de2a"
            },
            "dist": {
                "type": "zip",
                "url": "https://api.github.com/repos/simplepie/simplepie/zipball/9b775e88ba1128fa14c69ff94ab954d86067de2a",
                "reference": "9b775e88ba1128fa14c69ff94ab954d86067de2a",
                "shasum": ""
            },
            "require": {
                "php": ">=5.3.0"
            },
            "type": "library",
            "autoload": {
                "psr-0": {
                    "SimplePie": "library"
                }
            },
            "notification-url": "https://packagist.org/downloads/",
            "license": [
                "BSD-3-Clause"
            ],
            "authors": [
                {
                    "name": "Ryan Parman",
                    "homepage": "http://ryanparman.com/",
                    "role": "Creator, alumnus developer"
                },
                {
                    "name": "Geoffrey Sneddon",
                    "homepage": "http://gsnedders.com/",
                    "role": "Alumnus developer"
                },
                {
                    "name": "Ryan McCue",
                    "email": "me@ryanmccue.info",
                    "homepage": "http://ryanmccue.info/",
                    "role": "Developer"
                }
            ],
            "description": "A simple Atom/RSS parsing library for PHP",
            "homepage": "http://simplepie.org/",
            "keywords": [
                "atom",
                "feeds",
                "rss"
            ],
            "time": "2016-06-14 05:48:16"
        }
    ],
    "packages-dev": [],
    "aliases": [],
    "minimum-stability": "stable",
    "stability-flags": {
        "pear/services_json": 20,
        "pear/text_diff": 20
    },
    "prefer-stable": false,
    "prefer-lowest": false,
    "platform": [],
    "platform-dev": []
}
